
Microsoft Visual Studio Solution File, Format Version 12.00
# Visual Studio Version 16
VisualStudioVersion = 16.0.28917.181
MinimumVisualStudioVersion = 10.0.40219.1
Project("{8BC9CEB8-8B4A-11D0-8D11-00A0C91BC942}") = "UnitTest_Base", "UnitTest_Base\UnitTest_Base.vcxproj", "{555B7583-500F-47F0-8255-5284A8DA8158}"
EndProject
Project("{8BC9CEB8-8B4A-11D0-8D11-00A0C91BC942}") = "UnitTest_CRC", "UnitTest_CRC\UnitTest_CRC.vcxproj", "{D33AE98E-E578-418F-9AF3-810179FB0A84}"
EndProject
Project("{8BC9CEB8-8B4A-11D0-8D11-00A0C91BC942}") = "UnitTest_Packet", "UnitTest_Packet\UnitTest_Packet.vcxproj", "{F5030552-583B-4C42-9E52-369A5760BDD2}"
EndProject
Project("{8BC9CEB8-8B4A-11D0-8D11-00A0C91BC942}") = "UnitTest_PacketBNTBX", "UnitTest_PacketBNTBX\UnitTest_PacketBNTBX.vcxproj", "{A2E734E4-C50E-410A-8760-90EC6965F2CC}"
EndProject
Project("{8BC9CEB8-8B4A-11D0-8D11-00A0C91BC942}") = "UnitTest_PacketStar", "UnitTest_PacketStar\UnitTest_PacketStar.vcxproj", "{D06F90AB-EC1A-4C54-864B-BE11E79732CB}"
EndProject
Project("{8BC9CEB8-8B4A-11D0-8D11-00A0C91BC942}") = "UnitTest_PacketStar2", "UnitTest_PacketStar2\UnitTest_PacketStar2.vcxproj", "{FF3B34FD-AC24-4393-99FD-56BF8E337E9D}"
EndProject
Project("{8BC9CEB8-8B4A-11D0-8D11-00A0C91BC942}") = "UnitTest_Test", "UnitTest_Test\UnitTest_Test.vcxproj", "{2A67C330-A537-423A-92FE-8FFD6E34EADE}"
EndProject
Project("{8BC9CEB8-8B4A-11D0-8D11-00A0C91BC942}") = "UnitTest", "UnitTest\UnitTest.vcxproj", "{8A2CEEF1-8CEA-434B-A859-E072C7ED2D2E}"
EndProject
Project("{8BC9CEB8-8B4A-11D0-8D11-00A0C91BC942}") = "UnitTest_PacketNMEA", "UnitTest_PacketNMEA\UnitTest_PacketNMEA.vcxproj", "{CCDB6DC3-8A63-492A-997D-B529D596F946}"
EndProject
Project("{8BC9CEB8-8B4A-11D0-8D11-00A0C91BC942}") = "UnitTest_Key", "UnitTest_Key\UnitTest_Key.vcxproj", "{1EF24B0A-95F0-4873-808F-F44D3D11E378}"
EndProject
Project("{8BC9CEB8-8B4A-11D0-8D11-00A0C91BC942}") = "UnitTest_CryptoAES", "UnitTest_CryptoAES\UnitTest_CryptoAES.vcxproj", "{2C11D15C-5BA7-4C19-8D45-C0651EF8F051}"
EndProject
Project("{8BC9CEB8-8B4A-11D0-8D11-00A0C91BC942}") = "UnitTest_CryptoRSA", "UnitTest_CryptoRSA\UnitTest_CryptoRSA.vcxproj", "{06AE7ED4-E54F-4EAA-B5D7-0E826B7D0F1F}"
EndProject
Project("{8BC9CEB8-8B4A-11D0-8D11-00A0C91BC942}") = "UnitTest_Charset", "UnitTest_Charset\UnitTest_Charset.vcxproj", "{F7CC3B5D-675D-4AD5-8CCE-61BAB6C06FA6}"
EndProject
Project("{8BC9CEB8-8B4A-11D0-8D11-00A0C91BC942}") = "UnitTest_Shell", "UnitTest_Shell\UnitTest_Shell.vcxproj", "{2B2AADDD-03C6-4540-B112-2BF2735A1108}"
EndProject
Project("{8BC9CEB8-8B4A-11D0-8D11-00A0C91BC942}") = "UnitTest_Trap", "UnitTest_Trap\UnitTest_Trap.vcxproj", "{ABAD4865-852B-4948-A4A4-C26C31B09E26}"
EndProject
Project("{8BC9CEB8-8B4A-11D0-8D11-00A0C91BC942}") = "UnitTest_PatternCommand", "UnitTest_PatternCommand\UnitTest_PatternCommand.vcxproj", "{FED291CF-4E8F-437B-A364-B5258D91BBAA}"
EndProject
Project("{8BC9CEB8-8B4A-11D0-8D11-00A0C91BC942}") = "UnitTest_PatternState", "UnitTest_PatternState\UnitTest_PatternState.vcxproj", "{574ABF5F-8460-4E7C-BC67-B8B3B3EDCC93}"
EndProject
Global
	GlobalSection(SolutionConfigurationPlatforms) = preSolution
		Debug|x64 = Debug|x64
		Debug|x86 = Debug|x86
		Release|x64 = Release|x64
		Release|x86 = Release|x86
	EndGlobalSection
	GlobalSection(ProjectConfigurationPlatforms) = postSolution
		{555B7583-500F-47F0-8255-5284A8DA8158}.Debug|x64.ActiveCfg = Debug|x64
		{555B7583-500F-47F0-8255-5284A8DA8158}.Debug|x64.Build.0 = Debug|x64
		{555B7583-500F-47F0-8255-5284A8DA8158}.Debug|x86.ActiveCfg = Debug|Win32
		{555B7583-500F-47F0-8255-5284A8DA8158}.Debug|x86.Build.0 = Debug|Win32
		{555B7583-500F-47F0-8255-5284A8DA8158}.Release|x64.ActiveCfg = Release|x64
		{555B7583-500F-47F0-8255-5284A8DA8158}.Release|x64.Build.0 = Release|x64
		{555B7583-500F-47F0-8255-5284A8DA8158}.Release|x86.ActiveCfg = Release|Win32
		{555B7583-500F-47F0-8255-5284A8DA8158}.Release|x86.Build.0 = Release|Win32
		{D33AE98E-E578-418F-9AF3-810179FB0A84}.Debug|x64.ActiveCfg = Debug|x64
		{D33AE98E-E578-418F-9AF3-810179FB0A84}.Debug|x64.Build.0 = Debug|x64
		{D33AE98E-E578-418F-9AF3-810179FB0A84}.Debug|x86.ActiveCfg = Debug|Win32
		{D33AE98E-E578-418F-9AF3-810179FB0A84}.Debug|x86.Build.0 = Debug|Win32
		{D33AE98E-E578-418F-9AF3-810179FB0A84}.Release|x64.ActiveCfg = Release|x64
		{D33AE98E-E578-418F-9AF3-810179FB0A84}.Release|x64.Build.0 = Release|x64
		{D33AE98E-E578-418F-9AF3-810179FB0A84}.Release|x86.ActiveCfg = Release|Win32
		{D33AE98E-E578-418F-9AF3-810179FB0A84}.Release|x86.Build.0 = Release|Win32
		{F5030552-583B-4C42-9E52-369A5760BDD2}.Debug|x64.ActiveCfg = Debug|x64
		{F5030552-583B-4C42-9E52-369A5760BDD2}.Debug|x64.Build.0 = Debug|x64
		{F5030552-583B-4C42-9E52-369A5760BDD2}.Debug|x86.ActiveCfg = Debug|Win32
		{F5030552-583B-4C42-9E52-369A5760BDD2}.Debug|x86.Build.0 = Debug|Win32
		{F5030552-583B-4C42-9E52-369A5760BDD2}.Release|x64.ActiveCfg = Release|x64
		{F5030552-583B-4C42-9E52-369A5760BDD2}.Release|x64.Build.0 = Release|x64
		{F5030552-583B-4C42-9E52-369A5760BDD2}.Release|x86.ActiveCfg = Release|Win32
		{F5030552-583B-4C42-9E52-369A5760BDD2}.Release|x86.Build.0 = Release|Win32
		{A2E734E4-C50E-410A-8760-90EC6965F2CC}.Debug|x64.ActiveCfg = Debug|x64
		{A2E734E4-C50E-410A-8760-90EC6965F2CC}.Debug|x64.Build.0 = Debug|x64
		{A2E734E4-C50E-410A-8760-90EC6965F2CC}.Debug|x86.ActiveCfg = Debug|Win32
		{A2E734E4-C50E-410A-8760-90EC6965F2CC}.Debug|x86.Build.0 = Debug|Win32
		{A2E734E4-C50E-410A-8760-90EC6965F2CC}.Release|x64.ActiveCfg = Release|x64
		{A2E734E4-C50E-410A-8760-90EC6965F2CC}.Release|x64.Build.0 = Release|x64
		{A2E734E4-C50E-410A-8760-90EC6965F2CC}.Release|x86.ActiveCfg = Release|Win32
		{A2E734E4-C50E-410A-8760-90EC6965F2CC}.Release|x86.Build.0 = Release|Win32
		{D06F90AB-EC1A-4C54-864B-BE11E79732CB}.Debug|x64.ActiveCfg = Debug|x64
		{D06F90AB-EC1A-4C54-864B-BE11E79732CB}.Debug|x64.Build.0 = Debug|x64
		{D06F90AB-EC1A-4C54-864B-BE11E79732CB}.Debug|x86.ActiveCfg = Debug|Win32
		{D06F90AB-EC1A-4C54-864B-BE11E79732CB}.Debug|x86.Build.0 = Debug|Win32
		{D06F90AB-EC1A-4C54-864B-BE11E79732CB}.Release|x64.ActiveCfg = Release|x64
		{D06F90AB-EC1A-4C54-864B-BE11E79732CB}.Release|x64.Build.0 = Release|x64
		{D06F90AB-EC1A-4C54-864B-BE11E79732CB}.Release|x86.ActiveCfg = Release|Win32
		{D06F90AB-EC1A-4C54-864B-BE11E79732CB}.Release|x86.Build.0 = Release|Win32
		{FF3B34FD-AC24-4393-99FD-56BF8E337E9D}.Debug|x64.ActiveCfg = Debug|x64
		{FF3B34FD-AC24-4393-99FD-56BF8E337E9D}.Debug|x64.Build.0 = Debug|x64
		{FF3B34FD-AC24-4393-99FD-56BF8E337E9D}.Debug|x86.ActiveCfg = Debug|Win32
		{FF3B34FD-AC24-4393-99FD-56BF8E337E9D}.Debug|x86.Build.0 = Debug|Win32
		{FF3B34FD-AC24-4393-99FD-56BF8E337E9D}.Release|x64.ActiveCfg = Release|x64
		{FF3B34FD-AC24-4393-99FD-56BF8E337E9D}.Release|x64.Build.0 = Release|x64
		{FF3B34FD-AC24-4393-99FD-56BF8E337E9D}.Release|x86.ActiveCfg = Release|Win32
		{FF3B34FD-AC24-4393-99FD-56BF8E337E9D}.Release|x86.Build.0 = Release|Win32
		{2A67C330-A537-423A-92FE-8FFD6E34EADE}.Debug|x64.ActiveCfg = Debug|x64
		{2A67C330-A537-423A-92FE-8FFD6E34EADE}.Debug|x64.Build.0 = Debug|x64
		{2A67C330-A537-423A-92FE-8FFD6E34EADE}.Debug|x86.ActiveCfg = Debug|Win32
		{2A67C330-A537-423A-92FE-8FFD6E34EADE}.Debug|x86.Build.0 = Debug|Win32
		{2A67C330-A537-423A-92FE-8FFD6E34EADE}.Release|x64.ActiveCfg = Release|x64
		{2A67C330-A537-423A-92FE-8FFD6E34EADE}.Release|x64.Build.0 = Release|x64
		{2A67C330-A537-423A-92FE-8FFD6E34EADE}.Release|x86.ActiveCfg = Release|Win32
		{2A67C330-A537-423A-92FE-8FFD6E34EADE}.Release|x86.Build.0 = Release|Win32
		{8A2CEEF1-8CEA-434B-A859-E072C7ED2D2E}.Debug|x64.ActiveCfg = Debug|x64
		{8A2CEEF1-8CEA-434B-A859-E072C7ED2D2E}.Debug|x64.Build.0 = Debug|x64
		{8A2CEEF1-8CEA-434B-A859-E072C7ED2D2E}.Debug|x86.ActiveCfg = Debug|Win32
		{8A2CEEF1-8CEA-434B-A859-E072C7ED2D2E}.Debug|x86.Build.0 = Debug|Win32
		{8A2CEEF1-8CEA-434B-A859-E072C7ED2D2E}.Release|x64.ActiveCfg = Release|x64
		{8A2CEEF1-8CEA-434B-A859-E072C7ED2D2E}.Release|x64.Build.0 = Release|x64
		{8A2CEEF1-8CEA-434B-A859-E072C7ED2D2E}.Release|x86.ActiveCfg = Release|Win32
		{8A2CEEF1-8CEA-434B-A859-E072C7ED2D2E}.Release|x86.Build.0 = Release|Win32
		{CCDB6DC3-8A63-492A-997D-B529D596F946}.Debug|x64.ActiveCfg = Debug|x64
		{CCDB6DC3-8A63-492A-997D-B529D596F946}.Debug|x64.Build.0 = Debug|x64
		{CCDB6DC3-8A63-492A-997D-B529D596F946}.Debug|x86.ActiveCfg = Debug|Win32
		{CCDB6DC3-8A63-492A-997D-B529D596F946}.Debug|x86.Build.0 = Debug|Win32
		{CCDB6DC3-8A63-492A-997D-B529D596F946}.Release|x64.ActiveCfg = Release|x64
		{CCDB6DC3-8A63-492A-997D-B529D596F946}.Release|x64.Build.0 = Release|x64
		{CCDB6DC3-8A63-492A-997D-B529D596F946}.Release|x86.ActiveCfg = Release|Win32
		{CCDB6DC3-8A63-492A-997D-B529D596F946}.Release|x86.Build.0 = Release|Win32
		{1EF24B0A-95F0-4873-808F-F44D3D11E378}.Debug|x64.ActiveCfg = Debug|x64
		{1EF24B0A-95F0-4873-808F-F44D3D11E378}.Debug|x64.Build.0 = Debug|x64
		{1EF24B0A-95F0-4873-808F-F44D3D11E378}.Debug|x86.ActiveCfg = Debug|Win32
		{1EF24B0A-95F0-4873-808F-F44D3D11E378}.Debug|x86.Build.0 = Debug|Win32
		{1EF24B0A-95F0-4873-808F-F44D3D11E378}.Release|x64.ActiveCfg = Release|x64
		{1EF24B0A-95F0-4873-808F-F44D3D11E378}.Release|x64.Build.0 = Release|x64
		{1EF24B0A-95F0-4873-808F-F44D3D11E378}.Release|x86.ActiveCfg = Release|Win32
		{1EF24B0A-95F0-4873-808F-F44D3D11E378}.Release|x86.Build.0 = Release|Win32
		{2C11D15C-5BA7-4C19-8D45-C0651EF8F051}.Debug|x64.ActiveCfg = Debug|x64
		{2C11D15C-5BA7-4C19-8D45-C0651EF8F051}.Debug|x64.Build.0 = Debug|x64
		{2C11D15C-5BA7-4C19-8D45-C0651EF8F051}.Debug|x86.ActiveCfg = Debug|Win32
		{2C11D15C-5BA7-4C19-8D45-C0651EF8F051}.Debug|x86.Build.0 = Debug|Win32
		{2C11D15C-5BA7-4C19-8D45-C0651EF8F051}.Release|x64.ActiveCfg = Release|x64
		{2C11D15C-5BA7-4C19-8D45-C0651EF8F051}.Release|x64.Build.0 = Release|x64
		{2C11D15C-5BA7-4C19-8D45-C0651EF8F051}.Release|x86.ActiveCfg = Release|Win32
		{2C11D15C-5BA7-4C19-8D45-C0651EF8F051}.Release|x86.Build.0 = Release|Win32
		{06AE7ED4-E54F-4EAA-B5D7-0E826B7D0F1F}.Debug|x64.ActiveCfg = Debug|x64
		{06AE7ED4-E54F-4EAA-B5D7-0E826B7D0F1F}.Debug|x64.Build.0 = Debug|x64
		{06AE7ED4-E54F-4EAA-B5D7-0E826B7D0F1F}.Debug|x86.ActiveCfg = Debug|Win32
		{06AE7ED4-E54F-4EAA-B5D7-0E826B7D0F1F}.Debug|x86.Build.0 = Debug|Win32
		{06AE7ED4-E54F-4EAA-B5D7-0E826B7D0F1F}.Release|x64.ActiveCfg = Release|x64
		{06AE7ED4-E54F-4EAA-B5D7-0E826B7D0F1F}.Release|x64.Build.0 = Release|x64
		{06AE7ED4-E54F-4EAA-B5D7-0E826B7D0F1F}.Release|x86.ActiveCfg = Release|Win32
		{06AE7ED4-E54F-4EAA-B5D7-0E826B7D0F1F}.Release|x86.Build.0 = Release|Win32
		{F7CC3B5D-675D-4AD5-8CCE-61BAB6C06FA6}.Debug|x64.ActiveCfg = Debug|x64
		{F7CC3B5D-675D-4AD5-8CCE-61BAB6C06FA6}.Debug|x64.Build.0 = Debug|x64
		{F7CC3B5D-675D-4AD5-8CCE-61BAB6C06FA6}.Debug|x86.ActiveCfg = Debug|Win32
		{F7CC3B5D-675D-4AD5-8CCE-61BAB6C06FA6}.Debug|x86.Build.0 = Debug|Win32
		{F7CC3B5D-675D-4AD5-8CCE-61BAB6C06FA6}.Release|x64.ActiveCfg = Release|x64
		{F7CC3B5D-675D-4AD5-8CCE-61BAB6C06FA6}.Release|x64.Build.0 = Release|x64
		{F7CC3B5D-675D-4AD5-8CCE-61BAB6C06FA6}.Release|x86.ActiveCfg = Release|Win32
		{F7CC3B5D-675D-4AD5-8CCE-61BAB6C06FA6}.Release|x86.Build.0 = Release|Win32
		{2B2AADDD-03C6-4540-B112-2BF2735A1108}.Debug|x64.ActiveCfg = Debug|x64
		{2B2AADDD-03C6-4540-B112-2BF2735A1108}.Debug|x64.Build.0 = Debug|x64
		{2B2AADDD-03C6-4540-B112-2BF2735A1108}.Debug|x86.ActiveCfg = Debug|Win32
		{2B2AADDD-03C6-4540-B112-2BF2735A1108}.Debug|x86.Build.0 = Debug|Win32
		{2B2AADDD-03C6-4540-B112-2BF2735A1108}.Release|x64.ActiveCfg = Release|x64
		{2B2AADDD-03C6-4540-B112-2BF2735A1108}.Release|x64.Build.0 = Release|x64
		{2B2AADDD-03C6-4540-B112-2BF2735A1108}.Release|x86.ActiveCfg = Release|Win32
		{2B2AADDD-03C6-4540-B112-2BF2735A1108}.Release|x86.Build.0 = Release|Win32
		{ABAD4865-852B-4948-A4A4-C26C31B09E26}.Debug|x64.ActiveCfg = Debug|x64
		{ABAD4865-852B-4948-A4A4-C26C31B09E26}.Debug|x64.Build.0 = Debug|x64
		{ABAD4865-852B-4948-A4A4-C26C31B09E26}.Debug|x86.ActiveCfg = Debug|Win32
		{ABAD4865-852B-4948-A4A4-C26C31B09E26}.Debug|x86.Build.0 = Debug|Win32
		{ABAD4865-852B-4948-A4A4-C26C31B09E26}.Release|x64.ActiveCfg = Release|x64
		{ABAD4865-852B-4948-A4A4-C26C31B09E26}.Release|x64.Build.0 = Release|x64
		{ABAD4865-852B-4948-A4A4-C26C31B09E26}.Release|x86.ActiveCfg = Release|Win32
		{ABAD4865-852B-4948-A4A4-C26C31B09E26}.Release|x86.Build.0 = Release|Win32
		{FED291CF-4E8F-437B-A364-B5258D91BBAA}.Debug|x64.ActiveCfg = Debug|x64
		{FED291CF-4E8F-437B-A364-B5258D91BBAA}.Debug|x64.Build.0 = Debug|x64
		{FED291CF-4E8F-437B-A364-B5258D91BBAA}.Debug|x86.ActiveCfg = Debug|Win32
		{FED291CF-4E8F-437B-A364-B5258D91BBAA}.Debug|x86.Build.0 = Debug|Win32
		{FED291CF-4E8F-437B-A364-B5258D91BBAA}.Release|x64.ActiveCfg = Release|x64
		{FED291CF-4E8F-437B-A364-B5258D91BBAA}.Release|x64.Build.0 = Release|x64
		{FED291CF-4E8F-437B-A364-B5258D91BBAA}.Release|x86.ActiveCfg = Release|Win32
		{FED291CF-4E8F-437B-A364-B5258D91BBAA}.Release|x86.Build.0 = Release|Win32
		{574ABF5F-8460-4E7C-BC67-B8B3B3EDCC93}.Debug|x64.ActiveCfg = Debug|x64
		{574ABF5F-8460-4E7C-BC67-B8B3B3EDCC93}.Debug|x64.Build.0 = Debug|x64
		{574ABF5F-8460-4E7C-BC67-B8B3B3EDCC93}.Debug|x86.ActiveCfg = Debug|Win32
		{574ABF5F-8460-4E7C-BC67-B8B3B3EDCC93}.Debug|x86.Build.0 = Debug|Win32
		{574ABF5F-8460-4E7C-BC67-B8B3B3EDCC93}.Release|x64.ActiveCfg = Release|x64
		{574ABF5F-8460-4E7C-BC67-B8B3B3EDCC93}.Release|x64.Build.0 = Release|x64
		{574ABF5F-8460-4E7C-BC67-B8B3B3EDCC93}.Release|x86.ActiveCfg = Release|Win32
		{574ABF5F-8460-4E7C-BC67-B8B3B3EDCC93}.Release|x86.Build.0 = Release|Win32
	EndGlobalSection
	GlobalSection(SolutionProperties) = preSolution
		HideSolutionNode = FALSE
	EndGlobalSection
	GlobalSection(ExtensibilityGlobals) = postSolution
		SolutionGuid = {8912DFAA-00F7-4F90-8D7A-C7E2107B74D1}
	EndGlobalSection
EndGlobal
