<?xml version="1.0" encoding="utf-8"?>
<Project ToolsVersion="4.0" xmlns="http://schemas.microsoft.com/developer/msbuild/2003">
  <ItemGroup>
    <Filter Include="Lib">
      <UniqueIdentifier>{67DA6AB6-F800-4c08-8B7A-83BB121AAD01}</UniqueIdentifier>
      <Extensions>rc;ico;cur;bmp;dlg;rc2;rct;bin;rgs;gif;jpg;jpeg;jpe;resx;tiff;tif;png;wav;mfcribbon-ms</Extensions>
    </Filter>
  </ItemGroup>
  <ItemGroup>
    <ClCompile Include="main.cpp" />
    <ClCompile Include="..\Lib\utilsBase_Test.cpp">
      <Filter>Lib</Filter>
    </ClCompile>
    <ClCompile Include="..\Lib\utilsPacketBNTBX2_Test.cpp">
      <Filter>Lib</Filter>
    </ClCompile>
    <ClCompile Include="..\Lib\utilsPacketStar_Test.cpp">
      <Filter>Lib</Filter>
    </ClCompile>
    <ClCompile Include="..\Lib\utilsPacketStar2_Test.cpp">
      <Filter>Lib</Filter>
    </ClCompile>
    <ClCompile Include="..\Lib\utilsTest.cpp">
      <Filter>Lib</Filter>
    </ClCompile>
    <ClCompile Include="..\Lib\utilsTest_Test.cpp">
      <Filter>Lib</Filter>
    </ClCompile>
    <ClCompile Include="..\Lib\utilsPacketNMEA_Test.cpp">
      <Filter>Lib</Filter>
    </ClCompile>
    <ClCompile Include="..\Lib\utilsKey_Test.cpp">
      <Filter>Lib</Filter>
    </ClCompile>
    <ClCompile Include="..\Lib\utilsCRC_Test.cpp">
      <Filter>Lib</Filter>
    </ClCompile>
  </ItemGroup>
  <ItemGroup>
    <ClInclude Include="devConfig.h" />
    <ClInclude Include="libConfig.h" />
    <ClInclude Include="..\Lib\utilsBase.h">
      <Filter>Lib</Filter>
    </ClInclude>
    <ClInclude Include="..\Lib\utilsCRC.h">
      <Filter>Lib</Filter>
    </ClInclude>
    <ClInclude Include="..\Lib\utilsPacket.h">
      <Filter>Lib</Filter>
    </ClInclude>
    <ClInclude Include="..\Lib\utilsPacketBNTBX2.h">
      <Filter>Lib</Filter>
    </ClInclude>
    <ClInclude Include="..\Lib\utilsPacketStar.h">
      <Filter>Lib</Filter>
    </ClInclude>
    <ClInclude Include="..\Lib\utilsPacketStar2.h">
      <Filter>Lib</Filter>
    </ClInclude>
    <ClInclude Include="..\Lib\utilsTest.h">
      <Filter>Lib</Filter>
    </ClInclude>
    <ClInclude Include="..\Lib\utilsBaseBool.h">
      <Filter>Lib</Filter>
    </ClInclude>
    <ClInclude Include="..\Lib\utilsCharset-TBD.h">
      <Filter>Lib</Filter>
    </ClInclude>
    <ClInclude Include="..\Lib\utilsPacketNMEA.h">
      <Filter>Lib</Filter>
    </ClInclude>
    <ClInclude Include="..\Lib\utilsKey.h">
      <Filter>Lib</Filter>
    </ClInclude>
  </ItemGroup>
</Project>